// !$*UTF8*$!
{
	archiveVersion = 1;
	classes = {
	};
	objectVersion = 46;
	objects = {

/* Begin PBXBuildFile section */
		100358761BBB5E3B00C4A1AC /* Constants.swift in Sources */ = {isa = PBXBuildFile; fileRef = 100358751BBB5E3B00C4A1AC /* Constants.swift */; };
		100358781BBB5F8B00C4A1AC /* PLLabel.swift in Sources */ = {isa = PBXBuildFile; fileRef = 100358771BBB5F8B00C4A1AC /* PLLabel.swift */; };
		102432B21C61269B00FE582C /* CourseCell.swift in Sources */ = {isa = PBXBuildFile; fileRef = 102432B11C61269B00FE582C /* CourseCell.swift */; };
		10284EB51C4E9415005C8445 /* AddEventViewController.swift in Sources */ = {isa = PBXBuildFile; fileRef = 10284EB41C4E9415005C8445 /* AddEventViewController.swift */; };
		1029425D1C1190F40021632C /* Model.swift in Sources */ = {isa = PBXBuildFile; fileRef = 107C7B951BC3185F000824AF /* Model.swift */; };
		1029425F1C1191530021632C /* Constants.swift in Sources */ = {isa = PBXBuildFile; fileRef = 100358751BBB5E3B00C4A1AC /* Constants.swift */; };
		1047A8491C57C9AE00535AED /* OverheadViewController.swift in Sources */ = {isa = PBXBuildFile; fileRef = 1047A8481C57C9AE00535AED /* OverheadViewController.swift */; };
		104F1A981C5801D7005E4FC7 /* ClassesTableViewController.swift in Sources */ = {isa = PBXBuildFile; fileRef = 104F1A971C5801D7005E4FC7 /* ClassesTableViewController.swift */; };
		106E94DD1BCD754000932D98 /* PLNavigationController.swift in Sources */ = {isa = PBXBuildFile; fileRef = 106E94DC1BCD754000932D98 /* PLNavigationController.swift */; };
		106E94DF1BCD7BBB00932D98 /* SearchTableViewController.swift in Sources */ = {isa = PBXBuildFile; fileRef = 106E94DE1BCD7BBB00932D98 /* SearchTableViewController.swift */; };
		107C7B961BC3185F000824AF /* Model.swift in Sources */ = {isa = PBXBuildFile; fileRef = 107C7B951BC3185F000824AF /* Model.swift */; };
		10B78AE11BDDA9A800BBD2C6 /* SuccessAnimationView.swift in Sources */ = {isa = PBXBuildFile; fileRef = 10B78AE01BDDA9A800BBD2C6 /* SuccessAnimationView.swift */; };
		10C490821BCD72C100F9F01D /* CalendarViewController.swift in Sources */ = {isa = PBXBuildFile; fileRef = 10C490811BCD72C100F9F01D /* CalendarViewController.swift */; };
		10E5C89E1BB9C63400DDE50B /* AppDelegate.swift in Sources */ = {isa = PBXBuildFile; fileRef = 10E5C89D1BB9C63400DDE50B /* AppDelegate.swift */; };
		10E5C8A01BB9C63400DDE50B /* MasterViewController.swift in Sources */ = {isa = PBXBuildFile; fileRef = 10E5C89F1BB9C63400DDE50B /* MasterViewController.swift */; };
		10E5C8A51BB9C63400DDE50B /* Main.storyboard in Resources */ = {isa = PBXBuildFile; fileRef = 10E5C8A31BB9C63400DDE50B /* Main.storyboard */; };
		10E5C8A71BB9C63400DDE50B /* Assets.xcassets in Resources */ = {isa = PBXBuildFile; fileRef = 10E5C8A61BB9C63400DDE50B /* Assets.xcassets */; };
		10E5C8AA1BB9C63400DDE50B /* LaunchScreen.storyboard in Resources */ = {isa = PBXBuildFile; fileRef = 10E5C8A81BB9C63400DDE50B /* LaunchScreen.storyboard */; };
		10E5C8B51BB9C63400DDE50B /* PlanetTests.swift in Sources */ = {isa = PBXBuildFile; fileRef = 10E5C8B41BB9C63400DDE50B /* PlanetTests.swift */; };
		10E5C8C01BB9C63400DDE50B /* PlanetUITests.swift in Sources */ = {isa = PBXBuildFile; fileRef = 10E5C8BF1BB9C63400DDE50B /* PlanetUITests.swift */; };
		10E5C8D01BB9CAA000DDE50B /* DayCell.swift in Sources */ = {isa = PBXBuildFile; fileRef = 10E5C8CF1BB9CAA000DDE50B /* DayCell.swift */; };
		10E5C8D91BB9D11000DDE50B /* IntroViewController.swift in Sources */ = {isa = PBXBuildFile; fileRef = 10E5C8D81BB9D11000DDE50B /* IntroViewController.swift */; };
		10E5C8DB1BB9D1D100DDE50B /* IntroAddClassViewController.swift in Sources */ = {isa = PBXBuildFile; fileRef = 10E5C8DA1BB9D1D100DDE50B /* IntroAddClassViewController.swift */; };
		14DDE2EF5FAD5F688A477DD4 /* Pods.framework in Frameworks */ = {isa = PBXBuildFile; fileRef = E413AD6589A3A073CBC77071 /* Pods.framework */; };
/* End PBXBuildFile section */

/* Begin PBXContainerItemProxy section */
		10E5C8B11BB9C63400DDE50B /* PBXContainerItemProxy */ = {
			isa = PBXContainerItemProxy;
			containerPortal = 10E5C8921BB9C63400DDE50B /* Project object */;
			proxyType = 1;
			remoteGlobalIDString = 10E5C8991BB9C63400DDE50B;
			remoteInfo = Planet;
		};
		10E5C8BC1BB9C63400DDE50B /* PBXContainerItemProxy */ = {
			isa = PBXContainerItemProxy;
			containerPortal = 10E5C8921BB9C63400DDE50B /* Project object */;
			proxyType = 1;
			remoteGlobalIDString = 10E5C8991BB9C63400DDE50B;
			remoteInfo = Planet;
		};
/* End PBXContainerItemProxy section */

/* Begin PBXFileReference section */
		100358751BBB5E3B00C4A1AC /* Constants.swift */ = {isa = PBXFileReference; fileEncoding = 4; lastKnownFileType = sourcecode.swift; path = Constants.swift; sourceTree = "<group>"; };
		100358771BBB5F8B00C4A1AC /* PLLabel.swift */ = {isa = PBXFileReference; fileEncoding = 4; lastKnownFileType = sourcecode.swift; path = PLLabel.swift; sourceTree = "<group>"; };
		102432B11C61269B00FE582C /* CourseCell.swift */ = {isa = PBXFileReference; fileEncoding = 4; lastKnownFileType = sourcecode.swift; path = CourseCell.swift; sourceTree = "<group>"; };
		10284EB41C4E9415005C8445 /* AddEventViewController.swift */ = {isa = PBXFileReference; fileEncoding = 4; lastKnownFileType = sourcecode.swift; path = AddEventViewController.swift; sourceTree = "<group>"; };
		1047A8481C57C9AE00535AED /* OverheadViewController.swift */ = {isa = PBXFileReference; fileEncoding = 4; lastKnownFileType = sourcecode.swift; path = OverheadViewController.swift; sourceTree = "<group>"; };
		104F1A971C5801D7005E4FC7 /* ClassesTableViewController.swift */ = {isa = PBXFileReference; fileEncoding = 4; lastKnownFileType = sourcecode.swift; path = ClassesTableViewController.swift; sourceTree = "<group>"; };
		106E94DC1BCD754000932D98 /* PLNavigationController.swift */ = {isa = PBXFileReference; fileEncoding = 4; lastKnownFileType = sourcecode.swift; path = PLNavigationController.swift; sourceTree = "<group>"; };
		106E94DE1BCD7BBB00932D98 /* SearchTableViewController.swift */ = {isa = PBXFileReference; fileEncoding = 4; lastKnownFileType = sourcecode.swift; path = SearchTableViewController.swift; sourceTree = "<group>"; };
		107C7B951BC3185F000824AF /* Model.swift */ = {isa = PBXFileReference; fileEncoding = 4; lastKnownFileType = sourcecode.swift; path = Model.swift; sourceTree = "<group>"; };
		10B78AE01BDDA9A800BBD2C6 /* SuccessAnimationView.swift */ = {isa = PBXFileReference; fileEncoding = 4; lastKnownFileType = sourcecode.swift; path = SuccessAnimationView.swift; sourceTree = "<group>"; };
		10C490811BCD72C100F9F01D /* CalendarViewController.swift */ = {isa = PBXFileReference; fileEncoding = 4; lastKnownFileType = sourcecode.swift; path = CalendarViewController.swift; sourceTree = "<group>"; };
		10E5C89A1BB9C63400DDE50B /* Planet.app */ = {isa = PBXFileReference; explicitFileType = wrapper.application; includeInIndex = 0; path = Planet.app; sourceTree = BUILT_PRODUCTS_DIR; };
		10E5C89D1BB9C63400DDE50B /* AppDelegate.swift */ = {isa = PBXFileReference; lastKnownFileType = sourcecode.swift; path = AppDelegate.swift; sourceTree = "<group>"; };
		10E5C89F1BB9C63400DDE50B /* MasterViewController.swift */ = {isa = PBXFileReference; lastKnownFileType = sourcecode.swift; path = MasterViewController.swift; sourceTree = "<group>"; };
		10E5C8A41BB9C63400DDE50B /* Base */ = {isa = PBXFileReference; lastKnownFileType = file.storyboard; name = Base; path = Base.lproj/Main.storyboard; sourceTree = "<group>"; };
		10E5C8A61BB9C63400DDE50B /* Assets.xcassets */ = {isa = PBXFileReference; lastKnownFileType = folder.assetcatalog; path = Assets.xcassets; sourceTree = "<group>"; };
		10E5C8A91BB9C63400DDE50B /* Base */ = {isa = PBXFileReference; lastKnownFileType = file.storyboard; name = Base; path = Base.lproj/LaunchScreen.storyboard; sourceTree = "<group>"; };
		10E5C8AB1BB9C63400DDE50B /* Info.plist */ = {isa = PBXFileReference; lastKnownFileType = text.plist.xml; path = Info.plist; sourceTree = "<group>"; };
		10E5C8B01BB9C63400DDE50B /* PlanetTests.xctest */ = {isa = PBXFileReference; explicitFileType = wrapper.cfbundle; includeInIndex = 0; path = PlanetTests.xctest; sourceTree = BUILT_PRODUCTS_DIR; };
		10E5C8B41BB9C63400DDE50B /* PlanetTests.swift */ = {isa = PBXFileReference; lastKnownFileType = sourcecode.swift; path = PlanetTests.swift; sourceTree = "<group>"; };
		10E5C8B61BB9C63400DDE50B /* Info.plist */ = {isa = PBXFileReference; lastKnownFileType = text.plist.xml; path = Info.plist; sourceTree = "<group>"; };
		10E5C8BB1BB9C63400DDE50B /* PlanetUITests.xctest */ = {isa = PBXFileReference; explicitFileType = wrapper.cfbundle; includeInIndex = 0; path = PlanetUITests.xctest; sourceTree = BUILT_PRODUCTS_DIR; };
		10E5C8BF1BB9C63400DDE50B /* PlanetUITests.swift */ = {isa = PBXFileReference; lastKnownFileType = sourcecode.swift; path = PlanetUITests.swift; sourceTree = "<group>"; };
		10E5C8C11BB9C63400DDE50B /* Info.plist */ = {isa = PBXFileReference; lastKnownFileType = text.plist.xml; path = Info.plist; sourceTree = "<group>"; };
		10E5C8CF1BB9CAA000DDE50B /* DayCell.swift */ = {isa = PBXFileReference; fileEncoding = 4; lastKnownFileType = sourcecode.swift; path = DayCell.swift; sourceTree = "<group>"; };
		10E5C8D81BB9D11000DDE50B /* IntroViewController.swift */ = {isa = PBXFileReference; fileEncoding = 4; lastKnownFileType = sourcecode.swift; path = IntroViewController.swift; sourceTree = "<group>"; };
		10E5C8DA1BB9D1D100DDE50B /* IntroAddClassViewController.swift */ = {isa = PBXFileReference; fileEncoding = 4; lastKnownFileType = sourcecode.swift; path = IntroAddClassViewController.swift; sourceTree = "<group>"; };
		1DABF7C71B3FE80CAF959E62 /* Pods.debug.xcconfig */ = {isa = PBXFileReference; includeInIndex = 1; lastKnownFileType = text.xcconfig; name = Pods.debug.xcconfig; path = "Pods/Target Support Files/Pods/Pods.debug.xcconfig"; sourceTree = "<group>"; };
		529196937DA056ADF40C5C10 /* Pods.release.xcconfig */ = {isa = PBXFileReference; includeInIndex = 1; lastKnownFileType = text.xcconfig; name = Pods.release.xcconfig; path = "Pods/Target Support Files/Pods/Pods.release.xcconfig"; sourceTree = "<group>"; };
		E413AD6589A3A073CBC77071 /* Pods.framework */ = {isa = PBXFileReference; explicitFileType = wrapper.framework; includeInIndex = 0; path = Pods.framework; sourceTree = BUILT_PRODUCTS_DIR; };
/* End PBXFileReference section */

/* Begin PBXFrameworksBuildPhase section */
		10E5C8971BB9C63400DDE50B /* Frameworks */ = {
			isa = PBXFrameworksBuildPhase;
			buildActionMask = 2147483647;
			files = (
				14DDE2EF5FAD5F688A477DD4 /* Pods.framework in Frameworks */,
			);
			runOnlyForDeploymentPostprocessing = 0;
		};
		10E5C8AD1BB9C63400DDE50B /* Frameworks */ = {
			isa = PBXFrameworksBuildPhase;
			buildActionMask = 2147483647;
			files = (
			);
			runOnlyForDeploymentPostprocessing = 0;
		};
		10E5C8B81BB9C63400DDE50B /* Frameworks */ = {
			isa = PBXFrameworksBuildPhase;
			buildActionMask = 2147483647;
			files = (
			);
			runOnlyForDeploymentPostprocessing = 0;
		};
/* End PBXFrameworksBuildPhase section */

/* Begin PBXGroup section */
		100358791BBB60CB00C4A1AC /* CustomUIKit */ = {
			isa = PBXGroup;
			children = (
				100358771BBB5F8B00C4A1AC /* PLLabel.swift */,
			);
			name = CustomUIKit;
			sourceTree = "<group>";
		};
		106E94E01BCD7BC200932D98 /* Controllers */ = {
			isa = PBXGroup;
			children = (
				1047A8481C57C9AE00535AED /* OverheadViewController.swift */,
				104F1A971C5801D7005E4FC7 /* ClassesTableViewController.swift */,
				10E5C89F1BB9C63400DDE50B /* MasterViewController.swift */,
				10C490811BCD72C100F9F01D /* CalendarViewController.swift */,
				106E94DE1BCD7BBB00932D98 /* SearchTableViewController.swift */,
				10284EB41C4E9415005C8445 /* AddEventViewController.swift */,
			);
			name = Controllers;
			sourceTree = "<group>";
		};
		10E5C8911BB9C63400DDE50B = {
			isa = PBXGroup;
			children = (
				10E5C89C1BB9C63400DDE50B /* Planet */,
				10E5C8B31BB9C63400DDE50B /* PlanetTests */,
				10E5C8BE1BB9C63400DDE50B /* PlanetUITests */,
				10E5C89B1BB9C63400DDE50B /* Products */,
				2B52545E0C0498DC1FC01869 /* Pods */,
				67BCD0CE94C3B697147B5A65 /* Frameworks */,
			);
			sourceTree = "<group>";
		};
		10E5C89B1BB9C63400DDE50B /* Products */ = {
			isa = PBXGroup;
			children = (
				10E5C89A1BB9C63400DDE50B /* Planet.app */,
				10E5C8B01BB9C63400DDE50B /* PlanetTests.xctest */,
				10E5C8BB1BB9C63400DDE50B /* PlanetUITests.xctest */,
			);
			name = Products;
			sourceTree = "<group>";
		};
		10E5C89C1BB9C63400DDE50B /* Planet */ = {
			isa = PBXGroup;
			children = (
				100358751BBB5E3B00C4A1AC /* Constants.swift */,
				10E5C89D1BB9C63400DDE50B /* AppDelegate.swift */,
				106E94E01BCD7BC200932D98 /* Controllers */,
				10E5C8A31BB9C63400DDE50B /* Main.storyboard */,
				10E5C8A61BB9C63400DDE50B /* Assets.xcassets */,
				10E5C8A81BB9C63400DDE50B /* LaunchScreen.storyboard */,
				10E5C8AB1BB9C63400DDE50B /* Info.plist */,
				10E5C8CF1BB9CAA000DDE50B /* DayCell.swift */,
				10E5C8D81BB9D11000DDE50B /* IntroViewController.swift */,
				10E5C8DA1BB9D1D100DDE50B /* IntroAddClassViewController.swift */,
				100358791BBB60CB00C4A1AC /* CustomUIKit */,
				10E5C8D51BB9CEEC00DDE50B /* Objects */,
				106E94DC1BCD754000932D98 /* PLNavigationController.swift */,
				10B78AE01BDDA9A800BBD2C6 /* SuccessAnimationView.swift */,
				102432B11C61269B00FE582C /* CourseCell.swift */,
			);
			path = Planet;
			sourceTree = "<group>";
		};
		10E5C8B31BB9C63400DDE50B /* PlanetTests */ = {
			isa = PBXGroup;
			children = (
				10E5C8B41BB9C63400DDE50B /* PlanetTests.swift */,
				10E5C8B61BB9C63400DDE50B /* Info.plist */,
			);
			path = PlanetTests;
			sourceTree = "<group>";
		};
		10E5C8BE1BB9C63400DDE50B /* PlanetUITests */ = {
			isa = PBXGroup;
			children = (
				10E5C8BF1BB9C63400DDE50B /* PlanetUITests.swift */,
				10E5C8C11BB9C63400DDE50B /* Info.plist */,
			);
			path = PlanetUITests;
			sourceTree = "<group>";
		};
		10E5C8D51BB9CEEC00DDE50B /* Objects */ = {
			isa = PBXGroup;
			children = (
				107C7B951BC3185F000824AF /* Model.swift */,
			);
			name = Objects;
			sourceTree = "<group>";
		};
		2B52545E0C0498DC1FC01869 /* Pods */ = {
			isa = PBXGroup;
			children = (
				1DABF7C71B3FE80CAF959E62 /* Pods.debug.xcconfig */,
				529196937DA056ADF40C5C10 /* Pods.release.xcconfig */,
			);
			name = Pods;
			sourceTree = "<group>";
		};
		67BCD0CE94C3B697147B5A65 /* Frameworks */ = {
			isa = PBXGroup;
			children = (
				E413AD6589A3A073CBC77071 /* Pods.framework */,
			);
			name = Frameworks;
			sourceTree = "<group>";
		};
/* End PBXGroup section */

/* Begin PBXNativeTarget section */
		10E5C8991BB9C63400DDE50B /* Planet */ = {
			isa = PBXNativeTarget;
			buildConfigurationList = 10E5C8C41BB9C63400DDE50B /* Build configuration list for PBXNativeTarget "Planet" */;
			buildPhases = (
				ED4A983F157EDB92FDD345AF /* Check Pods Manifest.lock */,
				10E5C8961BB9C63400DDE50B /* Sources */,
				10E5C8971BB9C63400DDE50B /* Frameworks */,
				10E5C8981BB9C63400DDE50B /* Resources */,
				0A6B9ACEF34533B2AB19E6F8 /* Copy Pods Resources */,
				F54C1B2BA4917E6F62253707 /* Embed Pods Frameworks */,
				10ED6C7D1C84D07400078B32 /* ShellScript */,
			);
			buildRules = (
			);
			dependencies = (
			);
			name = Planet;
			productName = Planet;
			productReference = 10E5C89A1BB9C63400DDE50B /* Planet.app */;
			productType = "com.apple.product-type.application";
		};
		10E5C8AF1BB9C63400DDE50B /* PlanetTests */ = {
			isa = PBXNativeTarget;
			buildConfigurationList = 10E5C8C71BB9C63400DDE50B /* Build configuration list for PBXNativeTarget "PlanetTests" */;
			buildPhases = (
				10E5C8AC1BB9C63400DDE50B /* Sources */,
				10E5C8AD1BB9C63400DDE50B /* Frameworks */,
				10E5C8AE1BB9C63400DDE50B /* Resources */,
			);
			buildRules = (
			);
			dependencies = (
				10E5C8B21BB9C63400DDE50B /* PBXTargetDependency */,
			);
			name = PlanetTests;
			productName = PlanetTests;
			productReference = 10E5C8B01BB9C63400DDE50B /* PlanetTests.xctest */;
			productType = "com.apple.product-type.bundle.unit-test";
		};
		10E5C8BA1BB9C63400DDE50B /* PlanetUITests */ = {
			isa = PBXNativeTarget;
			buildConfigurationList = 10E5C8CA1BB9C63400DDE50B /* Build configuration list for PBXNativeTarget "PlanetUITests" */;
			buildPhases = (
				10E5C8B71BB9C63400DDE50B /* Sources */,
				10E5C8B81BB9C63400DDE50B /* Frameworks */,
				10E5C8B91BB9C63400DDE50B /* Resources */,
			);
			buildRules = (
			);
			dependencies = (
				10E5C8BD1BB9C63400DDE50B /* PBXTargetDependency */,
			);
			name = PlanetUITests;
			productName = PlanetUITests;
			productReference = 10E5C8BB1BB9C63400DDE50B /* PlanetUITests.xctest */;
			productType = "com.apple.product-type.bundle.ui-testing";
		};
/* End PBXNativeTarget section */

/* Begin PBXProject section */
		10E5C8921BB9C63400DDE50B /* Project object */ = {
			isa = PBXProject;
			attributes = {
				LastSwiftUpdateCheck = 0710;
				LastUpgradeCheck = 0700;
				ORGANIZATIONNAME = "Ty Schultz";
				TargetAttributes = {
					10E5C8991BB9C63400DDE50B = {
						CreatedOnToolsVersion = 7.0;
					};
					10E5C8AF1BB9C63400DDE50B = {
						CreatedOnToolsVersion = 7.0;
						TestTargetID = 10E5C8991BB9C63400DDE50B;
					};
					10E5C8BA1BB9C63400DDE50B = {
						CreatedOnToolsVersion = 7.0;
						TestTargetID = 10E5C8991BB9C63400DDE50B;
					};
				};
			};
			buildConfigurationList = 10E5C8951BB9C63400DDE50B /* Build configuration list for PBXProject "Planet" */;
			compatibilityVersion = "Xcode 3.2";
			developmentRegion = English;
			hasScannedForEncodings = 0;
			knownRegions = (
				en,
				Base,
			);
			mainGroup = 10E5C8911BB9C63400DDE50B;
			productRefGroup = 10E5C89B1BB9C63400DDE50B /* Products */;
			projectDirPath = "";
			projectRoot = "";
			targets = (
				10E5C8991BB9C63400DDE50B /* Planet */,
				10E5C8AF1BB9C63400DDE50B /* PlanetTests */,
				10E5C8BA1BB9C63400DDE50B /* PlanetUITests */,
			);
		};
/* End PBXProject section */

/* Begin PBXResourcesBuildPhase section */
		10E5C8981BB9C63400DDE50B /* Resources */ = {
			isa = PBXResourcesBuildPhase;
			buildActionMask = 2147483647;
			files = (
				10E5C8AA1BB9C63400DDE50B /* LaunchScreen.storyboard in Resources */,
				10E5C8A71BB9C63400DDE50B /* Assets.xcassets in Resources */,
				10E5C8A51BB9C63400DDE50B /* Main.storyboard in Resources */,
			);
			runOnlyForDeploymentPostprocessing = 0;
		};
		10E5C8AE1BB9C63400DDE50B /* Resources */ = {
			isa = PBXResourcesBuildPhase;
			buildActionMask = 2147483647;
			files = (
			);
			runOnlyForDeploymentPostprocessing = 0;
		};
		10E5C8B91BB9C63400DDE50B /* Resources */ = {
			isa = PBXResourcesBuildPhase;
			buildActionMask = 2147483647;
			files = (
			);
			runOnlyForDeploymentPostprocessing = 0;
		};
/* End PBXResourcesBuildPhase section */

/* Begin PBXShellScriptBuildPhase section */
		0A6B9ACEF34533B2AB19E6F8 /* Copy Pods Resources */ = {
			isa = PBXShellScriptBuildPhase;
			buildActionMask = 2147483647;
			files = (
			);
			inputPaths = (
			);
			name = "Copy Pods Resources";
			outputPaths = (
			);
			runOnlyForDeploymentPostprocessing = 0;
			shellPath = /bin/sh;
			shellScript = "\"${SRCROOT}/Pods/Target Support Files/Pods/Pods-resources.sh\"\n";
			showEnvVarsInLog = 0;
		};
		10ED6C7D1C84D07400078B32 /* ShellScript */ = {
			isa = PBXShellScriptBuildPhase;
			buildActionMask = 2147483647;
			files = (
			);
			inputPaths = (
			);
			outputPaths = (
			);
			runOnlyForDeploymentPostprocessing = 0;
			shellPath = /bin/sh;
			shellScript = "\"${PODS_ROOT}/Fabric/run\" df832a526899297ee05725bd936b86f1605c52e9 8bdc2a5d9bf805e85324c61907bc8d9216b669196471b64c9ec4a30e902bea1b";
		};
		ED4A983F157EDB92FDD345AF /* Check Pods Manifest.lock */ = {
			isa = PBXShellScriptBuildPhase;
			buildActionMask = 2147483647;
			files = (
			);
			inputPaths = (
			);
			name = "Check Pods Manifest.lock";
			outputPaths = (
			);
			runOnlyForDeploymentPostprocessing = 0;
			shellPath = /bin/sh;
			shellScript = "diff \"${PODS_ROOT}/../Podfile.lock\" \"${PODS_ROOT}/Manifest.lock\" > /dev/null\nif [[ $? != 0 ]] ; then\n    cat << EOM\nerror: The sandbox is not in sync with the Podfile.lock. Run 'pod install' or update your CocoaPods installation.\nEOM\n    exit 1\nfi\n";
			showEnvVarsInLog = 0;
		};
		F54C1B2BA4917E6F62253707 /* Embed Pods Frameworks */ = {
			isa = PBXShellScriptBuildPhase;
			buildActionMask = 2147483647;
			files = (
			);
			inputPaths = (
			);
			name = "Embed Pods Frameworks";
			outputPaths = (
			);
			runOnlyForDeploymentPostprocessing = 0;
			shellPath = /bin/sh;
			shellScript = "\"${SRCROOT}/Pods/Target Support Files/Pods/Pods-frameworks.sh\"\n";
			showEnvVarsInLog = 0;
		};
/* End PBXShellScriptBuildPhase section */

/* Begin PBXSourcesBuildPhase section */
		10E5C8961BB9C63400DDE50B /* Sources */ = {
			isa = PBXSourcesBuildPhase;
			buildActionMask = 2147483647;
			files = (
				10E5C8D91BB9D11000DDE50B /* IntroViewController.swift in Sources */,
				107C7B961BC3185F000824AF /* Model.swift in Sources */,
				10284EB51C4E9415005C8445 /* AddEventViewController.swift in Sources */,
				10E5C8A01BB9C63400DDE50B /* MasterViewController.swift in Sources */,
				1047A8491C57C9AE00535AED /* OverheadViewController.swift in Sources */,
				106E94DF1BCD7BBB00932D98 /* SearchTableViewController.swift in Sources */,
				104F1A981C5801D7005E4FC7 /* ClassesTableViewController.swift in Sources */,
				10E5C8D01BB9CAA000DDE50B /* DayCell.swift in Sources */,
				10E5C8DB1BB9D1D100DDE50B /* IntroAddClassViewController.swift in Sources */,
				10B78AE11BDDA9A800BBD2C6 /* SuccessAnimationView.swift in Sources */,
				10E5C89E1BB9C63400DDE50B /* AppDelegate.swift in Sources */,
				102432B21C61269B00FE582C /* CourseCell.swift in Sources */,
				100358781BBB5F8B00C4A1AC /* PLLabel.swift in Sources */,
				10C490821BCD72C100F9F01D /* CalendarViewController.swift in Sources */,
				106E94DD1BCD754000932D98 /* PLNavigationController.swift in Sources */,
				100358761BBB5E3B00C4A1AC /* Constants.swift in Sources */,
			);
			runOnlyForDeploymentPostprocessing = 0;
		};
		10E5C8AC1BB9C63400DDE50B /* Sources */ = {
			isa = PBXSourcesBuildPhase;
			buildActionMask = 2147483647;
			files = (
				10E5C8B51BB9C63400DDE50B /* PlanetTests.swift in Sources */,
			);
			runOnlyForDeploymentPostprocessing = 0;
		};
		10E5C8B71BB9C63400DDE50B /* Sources */ = {
			isa = PBXSourcesBuildPhase;
			buildActionMask = 2147483647;
			files = (
				10E5C8C01BB9C63400DDE50B /* PlanetUITests.swift in Sources */,
				1029425D1C1190F40021632C /* Model.swift in Sources */,
				1029425F1C1191530021632C /* Constants.swift in Sources */,
			);
			runOnlyForDeploymentPostprocessing = 0;
		};
/* End PBXSourcesBuildPhase section */

/* Begin PBXTargetDependency section */
		10E5C8B21BB9C63400DDE50B /* PBXTargetDependency */ = {
			isa = PBXTargetDependency;
			target = 10E5C8991BB9C63400DDE50B /* Planet */;
			targetProxy = 10E5C8B11BB9C63400DDE50B /* PBXContainerItemProxy */;
		};
		10E5C8BD1BB9C63400DDE50B /* PBXTargetDependency */ = {
			isa = PBXTargetDependency;
			target = 10E5C8991BB9C63400DDE50B /* Planet */;
			targetProxy = 10E5C8BC1BB9C63400DDE50B /* PBXContainerItemProxy */;
		};
/* End PBXTargetDependency section */

/* Begin PBXVariantGroup section */
		10E5C8A31BB9C63400DDE50B /* Main.storyboard */ = {
			isa = PBXVariantGroup;
			children = (
				10E5C8A41BB9C63400DDE50B /* Base */,
			);
			name = Main.storyboard;
			sourceTree = "<group>";
		};
		10E5C8A81BB9C63400DDE50B /* LaunchScreen.storyboard */ = {
			isa = PBXVariantGroup;
			children = (
				10E5C8A91BB9C63400DDE50B /* Base */,
			);
			name = LaunchScreen.storyboard;
			sourceTree = "<group>";
		};
/* End PBXVariantGroup section */

/* Begin XCBuildConfiguration section */
		10E5C8C21BB9C63400DDE50B /* Debug */ = {
			isa = XCBuildConfiguration;
			buildSettings = {
				ALWAYS_SEARCH_USER_PATHS = NO;
				CLANG_CXX_LANGUAGE_STANDARD = "gnu++0x";
				CLANG_CXX_LIBRARY = "libc++";
				CLANG_ENABLE_MODULES = YES;
				CLANG_ENABLE_OBJC_ARC = YES;
				CLANG_WARN_BOOL_CONVERSION = YES;
				CLANG_WARN_CONSTANT_CONVERSION = YES;
				CLANG_WARN_DIRECT_OBJC_ISA_USAGE = YES_ERROR;
				CLANG_WARN_EMPTY_BODY = YES;
				CLANG_WARN_ENUM_CONVERSION = YES;
				CLANG_WARN_INT_CONVERSION = YES;
				CLANG_WARN_OBJC_ROOT_CLASS = YES_ERROR;
				CLANG_WARN_UNREACHABLE_CODE = YES;
				CLANG_WARN__DUPLICATE_METHOD_MATCH = YES;
				"CODE_SIGN_IDENTITY[sdk=iphoneos*]" = "iPhone Developer";
				COPY_PHASE_STRIP = NO;
				DEBUG_INFORMATION_FORMAT = dwarf;
				ENABLE_STRICT_OBJC_MSGSEND = YES;
				ENABLE_TESTABILITY = YES;
				GCC_C_LANGUAGE_STANDARD = gnu99;
				GCC_DYNAMIC_NO_PIC = NO;
				GCC_NO_COMMON_BLOCKS = YES;
				GCC_OPTIMIZATION_LEVEL = 0;
				GCC_PREPROCESSOR_DEFINITIONS = (
					"DEBUG=1",
					"$(inherited)",
				);
				GCC_WARN_64_TO_32_BIT_CONVERSION = YES;
				GCC_WARN_ABOUT_RETURN_TYPE = YES_ERROR;
				GCC_WARN_UNDECLARED_SELECTOR = YES;
				GCC_WARN_UNINITIALIZED_AUTOS = YES_AGGRESSIVE;
				GCC_WARN_UNUSED_FUNCTION = YES;
				GCC_WARN_UNUSED_VARIABLE = YES;
				IPHONEOS_DEPLOYMENT_TARGET = 9.0;
				MTL_ENABLE_DEBUG_INFO = YES;
				ONLY_ACTIVE_ARCH = YES;
				SDKROOT = iphoneos;
				SWIFT_OPTIMIZATION_LEVEL = "-Onone";
			};
			name = Debug;
		};
		10E5C8C31BB9C63400DDE50B /* Release */ = {
			isa = XCBuildConfiguration;
			buildSettings = {
				ALWAYS_SEARCH_USER_PATHS = NO;
				CLANG_CXX_LANGUAGE_STANDARD = "gnu++0x";
				CLANG_CXX_LIBRARY = "libc++";
				CLANG_ENABLE_MODULES = YES;
				CLANG_ENABLE_OBJC_ARC = YES;
				CLANG_WARN_BOOL_CONVERSION = YES;
				CLANG_WARN_CONSTANT_CONVERSION = YES;
				CLANG_WARN_DIRECT_OBJC_ISA_USAGE = YES_ERROR;
				CLANG_WARN_EMPTY_BODY = YES;
				CLANG_WARN_ENUM_CONVERSION = YES;
				CLANG_WARN_INT_CONVERSION = YES;
				CLANG_WARN_OBJC_ROOT_CLASS = YES_ERROR;
				CLANG_WARN_UNREACHABLE_CODE = YES;
				CLANG_WARN__DUPLICATE_METHOD_MATCH = YES;
				"CODE_SIGN_IDENTITY[sdk=iphoneos*]" = "iPhone Developer";
				COPY_PHASE_STRIP = NO;
				DEBUG_INFORMATION_FORMAT = "dwarf-with-dsym";
				ENABLE_NS_ASSERTIONS = NO;
				ENABLE_STRICT_OBJC_MSGSEND = YES;
				GCC_C_LANGUAGE_STANDARD = gnu99;
				GCC_NO_COMMON_BLOCKS = YES;
				GCC_WARN_64_TO_32_BIT_CONVERSION = YES;
				GCC_WARN_ABOUT_RETURN_TYPE = YES_ERROR;
				GCC_WARN_UNDECLARED_SELECTOR = YES;
				GCC_WARN_UNINITIALIZED_AUTOS = YES_AGGRESSIVE;
				GCC_WARN_UNUSED_FUNCTION = YES;
				GCC_WARN_UNUSED_VARIABLE = YES;
				IPHONEOS_DEPLOYMENT_TARGET = 9.0;
				MTL_ENABLE_DEBUG_INFO = NO;
				SDKROOT = iphoneos;
				VALIDATE_PRODUCT = YES;
			};
			name = Release;
		};
		10E5C8C51BB9C63400DDE50B /* Debug */ = {
			isa = XCBuildConfiguration;
			baseConfigurationReference = 1DABF7C71B3FE80CAF959E62 /* Pods.debug.xcconfig */;
			buildSettings = {
				ASSETCATALOG_COMPILER_APPICON_NAME = AppIcon;
				FRAMEWORK_SEARCH_PATHS = (
					"$(inherited)",
					"$(PROJECT_DIR)",
				);
				INFOPLIST_FILE = Planet/Info.plist;
				LD_RUNPATH_SEARCH_PATHS = "$(inherited) @executable_path/Frameworks";
				PRODUCT_BUNDLE_IDENTIFIER = com.tyschultz.Planet;
				PRODUCT_NAME = "$(TARGET_NAME)";
				TARGETED_DEVICE_FAMILY = "1,2";
			};
			name = Debug;
		};
		10E5C8C61BB9C63400DDE50B /* Release */ = {
			isa = XCBuildConfiguration;
			baseConfigurationReference = 529196937DA056ADF40C5C10 /* Pods.release.xcconfig */;
			buildSettings = {
				ASSETCATALOG_COMPILER_APPICON_NAME = AppIcon;
				FRAMEWORK_SEARCH_PATHS = (
					"$(inherited)",
					"$(PROJECT_DIR)",
				);
				INFOPLIST_FILE = Planet/Info.plist;
				LD_RUNPATH_SEARCH_PATHS = "$(inherited) @executable_path/Frameworks";
				PRODUCT_BUNDLE_IDENTIFIER = com.tyschultz.Planet;
				PRODUCT_NAME = "$(TARGET_NAME)";
				TARGETED_DEVICE_FAMILY = "1,2";
			};
			name = Release;
		};
		10E5C8C81BB9C63400DDE50B /* Debug */ = {
			isa = XCBuildConfiguration;
			buildSettings = {
				BUNDLE_LOADER = "$(TEST_HOST)";
				INFOPLIST_FILE = PlanetTests/Info.plist;
				LD_RUNPATH_SEARCH_PATHS = "$(inherited) @executable_path/Frameworks @loader_path/Frameworks";
				PRODUCT_BUNDLE_IDENTIFIER = com.tyschultz.PlanetTests;
				PRODUCT_NAME = "$(TARGET_NAME)";
				TEST_HOST = "$(BUILT_PRODUCTS_DIR)/Planet.app/Planet";
			};
			name = Debug;
		};
		10E5C8C91BB9C63400DDE50B /* Release */ = {
			isa = XCBuildConfiguration;
			buildSettings = {
				BUNDLE_LOADER = "$(TEST_HOST)";
				INFOPLIST_FILE = PlanetTests/Info.plist;
				LD_RUNPATH_SEARCH_PATHS = "$(inherited) @executable_path/Frameworks @loader_path/Frameworks";
				PRODUCT_BUNDLE_IDENTIFIER = com.tyschultz.PlanetTests;
				PRODUCT_NAME = "$(TARGET_NAME)";
				TEST_HOST = "$(BUILT_PRODUCTS_DIR)/Planet.app/Planet";
			};
			name = Release;
		};
		10E5C8CB1BB9C63400DDE50B /* Debug */ = {
			isa = XCBuildConfiguration;
			buildSettings = {
				INFOPLIST_FILE = PlanetUITests/Info.plist;
				LD_RUNPATH_SEARCH_PATHS = "$(inherited) @executable_path/Frameworks @loader_path/Frameworks";
				PRODUCT_BUNDLE_IDENTIFIER = com.tyschultz.PlanetUITests;
				PRODUCT_NAME = "$(TARGET_NAME)";
				TEST_TARGET_NAME = Planet;
				USES_XCTRUNNER = YES;
			};
			name = Debug;
		};
		10E5C8CC1BB9C63400DDE50B /* Release */ = {
			isa = XCBuildConfiguration;
			buildSettings = {
				INFOPLIST_FILE = PlanetUITests/Info.plist;
				LD_RUNPATH_SEARCH_PATHS = "$(inherited) @executable_path/Frameworks @loader_path/Frameworks";
				PRODUCT_BUNDLE_IDENTIFIER = com.tyschultz.PlanetUITests;
				PRODUCT_NAME = "$(TARGET_NAME)";
				TEST_TARGET_NAME = Planet;
				USES_XCTRUNNER = YES;
			};
			name = Release;
		};
/* End XCBuildConfiguration section */

/* Begin XCConfigurationList section */
		10E5C8951BB9C63400DDE50B /* Build configuration list for PBXProject "Planet" */ = {
			isa = XCConfigurationList;
			buildConfigurations = (
				10E5C8C21BB9C63400DDE50B /* Debug */,
				10E5C8C31BB9C63400DDE50B /* Release */,
			);
			defaultConfigurationIsVisible = 0;
			defaultConfigurationName = Release;
		};
		10E5C8C41BB9C63400DDE50B /* Build configuration list for PBXNativeTarget "Planet" */ = {
			isa = XCConfigurationList;
			buildConfigurations = (
				10E5C8C51BB9C63400DDE50B /* Debug */,
				10E5C8C61BB9C63400DDE50B /* Release */,
			);
			defaultConfigurationIsVisible = 0;
			defaultConfigurationName = Release;
		};
		10E5C8C71BB9C63400DDE50B /* Build configuration list for PBXNativeTarget "PlanetTests" */ = {
			isa = XCConfigurationList;
			buildConfigurations = (
				10E5C8C81BB9C63400DDE50B /* Debug */,
				10E5C8C91BB9C63400DDE50B /* Release */,
			);
			defaultConfigurationIsVisible = 0;
			defaultConfigurationName = Release;
		};
		10E5C8CA1BB9C63400DDE50B /* Build configuration list for PBXNativeTarget "PlanetUITests" */ = {
			isa = XCConfigurationList;
			buildConfigurations = (
				10E5C8CB1BB9C63400DDE50B /* Debug */,
				10E5C8CC1BB9C63400DDE50B /* Release */,
			);
			defaultConfigurationIsVisible = 0;
			defaultConfigurationName = Release;
		};
/* End XCConfigurationList section */
	};
	rootObject = 10E5C8921BB9C63400DDE50B /* Project object */;
}
